
Microsoft Visual Studio Solution File, Format Version 12.00
# Visual Studio Version 16
VisualStudioVersion = 16.0.30804.86
MinimumVisualStudioVersion = 10.0.40219.1
Project("{FAE04EC0-301F-11D3-BF4B-00C04F79EFBC}") = "EmployeesRecord.Web", "EmployeesRecord\EmployeesRecord.Web.csproj", "{9242567F-36E3-460D-8652-03CE541B0B09}"
EndProject
Project("{FAE04EC0-301F-11D3-BF4B-00C04F79EFBC}") = "EmployeesRecord.DAL", "EmployeeRecord.DAL\EmployeesRecord.DAL.csproj", "{C3EF243F-4106-48A3-8547-6FC01C03A891}"
EndProject
Project("{FAE04EC0-301F-11D3-BF4B-00C04F79EFBC}") = "EmployeesRecord.Model", "EmployeeRecord.Model\EmployeesRecord.Model.csproj", "{A581C220-C97A-44EF-8209-B06A75F99A51}"
EndProject
Global
	GlobalSection(SolutionConfigurationPlatforms) = preSolution
		Debug|Any CPU = Debug|Any CPU
		Release|Any CPU = Release|Any CPU
	EndGlobalSection
	GlobalSection(ProjectConfigurationPlatforms) = postSolution
		{9242567F-36E3-460D-8652-03CE541B0B09}.Debug|Any CPU.ActiveCfg = Debug|Any CPU
		{9242567F-36E3-460D-8652-03CE541B0B09}.Debug|Any CPU.Build.0 = Debug|Any CPU
		{9242567F-36E3-460D-8652-03CE541B0B09}.Release|Any CPU.ActiveCfg = Release|Any CPU
		{9242567F-36E3-460D-8652-03CE541B0B09}.Release|Any CPU.Build.0 = Release|Any CPU
		{C3EF243F-4106-48A3-8547-6FC01C03A891}.Debug|Any CPU.ActiveCfg = Debug|Any CPU
		{C3EF243F-4106-48A3-8547-6FC01C03A891}.Debug|Any CPU.Build.0 = Debug|Any CPU
		{C3EF243F-4106-48A3-8547-6FC01C03A891}.Release|Any CPU.ActiveCfg = Release|Any CPU
		{C3EF243F-4106-48A3-8547-6FC01C03A891}.Release|Any CPU.Build.0 = Release|Any CPU
		{A581C220-C97A-44EF-8209-B06A75F99A51}.Debug|Any CPU.ActiveCfg = Debug|Any CPU
		{A581C220-C97A-44EF-8209-B06A75F99A51}.Debug|Any CPU.Build.0 = Debug|Any CPU
		{A581C220-C97A-44EF-8209-B06A75F99A51}.Release|Any CPU.ActiveCfg = Release|Any CPU
		{A581C220-C97A-44EF-8209-B06A75F99A51}.Release|Any CPU.Build.0 = Release|Any CPU
	EndGlobalSection
	GlobalSection(SolutionProperties) = preSolution
		HideSolutionNode = FALSE
	EndGlobalSection
	GlobalSection(ExtensibilityGlobals) = postSolution
		SolutionGuid = {709171AA-5F3F-45D3-BBE1-D98B58EE3EB9}
	EndGlobalSection
EndGlobal
